
Microsoft Visual Studio Solution File, Format Version 12.00
# Visual Studio 15
Project("{FAE04EC0-301F-11D3-BF4B-00C04F79EFBC}") = "Assembly-CSharp", "Assembly-CSharp.csproj", "{2A83E923-07A0-954A-03D3-3C37F648666A}"
EndProject
Project("{FAE04EC0-301F-11D3-BF4B-00C04F79EFBC}") = "Assembly-CSharp-Editor", "Assembly-CSharp-Editor.csproj", "{9F76BC99-D644-30FB-7327-23685A88C2F9}"
EndProject
Global
	GlobalSection(SolutionConfigurationPlatforms) = preSolution
		Debug|Any CPU = Debug|Any CPU
		Release|Any CPU = Release|Any CPU
	EndGlobalSection
	GlobalSection(ProjectConfigurationPlatforms) = postSolution
		{2A83E923-07A0-954A-03D3-3C37F648666A}.Debug|Any CPU.ActiveCfg = Debug|Any CPU
		{2A83E923-07A0-954A-03D3-3C37F648666A}.Debug|Any CPU.Build.0 = Debug|Any CPU
		{2A83E923-07A0-954A-03D3-3C37F648666A}.Release|Any CPU.ActiveCfg = Release|Any CPU
		{2A83E923-07A0-954A-03D3-3C37F648666A}.Release|Any CPU.Build.0 = Release|Any CPU
		{9F76BC99-D644-30FB-7327-23685A88C2F9}.Debug|Any CPU.ActiveCfg = Debug|Any CPU
		{9F76BC99-D644-30FB-7327-23685A88C2F9}.Debug|Any CPU.Build.0 = Debug|Any CPU
		{9F76BC99-D644-30FB-7327-23685A88C2F9}.Release|Any CPU.ActiveCfg = Release|Any CPU
		{9F76BC99-D644-30FB-7327-23685A88C2F9}.Release|Any CPU.Build.0 = Release|Any CPU
	EndGlobalSection
	GlobalSection(SolutionProperties) = preSolution
		HideSolutionNode = FALSE
	EndGlobalSection
EndGlobal
